
Microsoft Visual Studio Solution File, Format Version 12.00
# Visual Studio Version 17
VisualStudioVersion = 17.14.37111.16 d17.14
MinimumVisualStudioVersion = 10.0.40219.1
Project("{FAE04EC0-301F-11D3-BF4B-00C04F79EFBC}") = "teamproject", "teamproject\teamproject.csproj", "{B038645A-7893-446A-8FD5-4DBED12D775A}"
EndProject
Global
	GlobalSection(SolutionConfigurationPlatforms) = preSolution
		Debug|Any CPU = Debug|Any CPU
		Release|Any CPU = Release|Any CPU
	EndGlobalSection
	GlobalSection(ProjectConfigurationPlatforms) = postSolution
		{B038645A-7893-446A-8FD5-4DBED12D775A}.Debug|Any CPU.ActiveCfg = Debug|Any CPU
		{B038645A-7893-446A-8FD5-4DBED12D775A}.Debug|Any CPU.Build.0 = Debug|Any CPU
		{B038645A-7893-446A-8FD5-4DBED12D775A}.Release|Any CPU.ActiveCfg = Release|Any CPU
		{B038645A-7893-446A-8FD5-4DBED12D775A}.Release|Any CPU.Build.0 = Release|Any CPU
	EndGlobalSection
	GlobalSection(SolutionProperties) = preSolution
		HideSolutionNode = FALSE
	EndGlobalSection
	GlobalSection(ExtensibilityGlobals) = postSolution
		SolutionGuid = {2947E4D9-7561-4737-9517-9C8D43E7CB38}
	EndGlobalSection
EndGlobal
